// !$*UTF8*$!
{
	archiveVersion = 1;
	classes = {
	};
	objectVersion = 51;
	objects = {

/* Begin PBXBuildFile section */
		2614DBD8250F4FB500598B48 /* Config.swift in Sources */ = {isa = PBXBuildFile; fileRef = 2614DBD7250F4FB500598B48 /* Config.swift */; };
		2614DBDA250F56E000598B48 /* ContentView.swift in Sources */ = {isa = PBXBuildFile; fileRef = 2614DBD9250F56E000598B48 /* ContentView.swift */; };
		2614DBDC250F573E00598B48 /* README.md in Resources */ = {isa = PBXBuildFile; fileRef = 2614DBDB250F573E00598B48 /* README.md */; };
		2614DBDD250F592D00598B48 /* ContentView.swift in Sources */ = {isa = PBXBuildFile; fileRef = 2614DBD9250F56E000598B48 /* ContentView.swift */; };
		2614DBDE250F592D00598B48 /* ContentView.swift in Sources */ = {isa = PBXBuildFile; fileRef = 2614DBD9250F56E000598B48 /* ContentView.swift */; };
		2614DBDF250F593200598B48 /* Config.swift in Sources */ = {isa = PBXBuildFile; fileRef = 2614DBD7250F4FB500598B48 /* Config.swift */; };
		2614DBE0250F593200598B48 /* Config.swift in Sources */ = {isa = PBXBuildFile; fileRef = 2614DBD7250F4FB500598B48 /* Config.swift */; };
		412EB68A24F7BE3C0083A9EC /* Application.swift in Sources */ = {isa = PBXBuildFile; fileRef = 412EB68924F7BE3C0083A9EC /* Application.swift */; };
		412EB6A424F94BB20083A9EC /* User.swift in Sources */ = {isa = PBXBuildFile; fileRef = 412EB6A324F94BB20083A9EC /* User.swift */; };
		412EB6A524F94BB20083A9EC /* User.swift in Sources */ = {isa = PBXBuildFile; fileRef = 412EB6A324F94BB20083A9EC /* User.swift */; };
		412EB6A724F95FC90083A9EC /* LoginView.swift in Sources */ = {isa = PBXBuildFile; fileRef = 412EB6A624F95FC90083A9EC /* LoginView.swift */; };
		412EB6A824F95FC90083A9EC /* LoginView.swift in Sources */ = {isa = PBXBuildFile; fileRef = 412EB6A624F95FC90083A9EC /* LoginView.swift */; };
		4133D0392506AC320005603F /* ViewController.swift in Sources */ = {isa = PBXBuildFile; fileRef = 4133D0382506AC320005603F /* ViewController.swift */; };
		4133D03A2506AC320005603F /* ViewController.swift in Sources */ = {isa = PBXBuildFile; fileRef = 4133D0382506AC320005603F /* ViewController.swift */; };
		4133D03B2506AC320005603F /* ViewController.swift in Sources */ = {isa = PBXBuildFile; fileRef = 4133D0382506AC320005603F /* ViewController.swift */; };
		41470B9A24F7871C009AF96B /* main.swift in Sources */ = {isa = PBXBuildFile; fileRef = 41470B9924F7871C009AF96B /* main.swift */; };
		41470B9C24F78CBB009AF96B /* TestAppDelegate.swift in Sources */ = {isa = PBXBuildFile; fileRef = 41470B9B24F78CBB009AF96B /* TestAppDelegate.swift */; };
		414F62F2250A0516006D3D43 /* UserAPI.swift in Sources */ = {isa = PBXBuildFile; fileRef = 414F62F1250A0516006D3D43 /* UserAPI.swift */; };
		414F62F3250A0F76006D3D43 /* UserAPI.swift in Sources */ = {isa = PBXBuildFile; fileRef = 414F62F1250A0516006D3D43 /* UserAPI.swift */; };
		414F62F4250A0F77006D3D43 /* UserAPI.swift in Sources */ = {isa = PBXBuildFile; fileRef = 414F62F1250A0516006D3D43 /* UserAPI.swift */; };
		414F62F5250A0F7E006D3D43 /* AppDelegate.swift in Sources */ = {isa = PBXBuildFile; fileRef = 41A86A7724EE6BF5003EFC0F /* AppDelegate.swift */; };
		414F62F6250A0F7E006D3D43 /* AppDelegate.swift in Sources */ = {isa = PBXBuildFile; fileRef = 41A86A7724EE6BF5003EFC0F /* AppDelegate.swift */; };
		4152F71C252488B400837F10 /* OrganizationsView.swift in Sources */ = {isa = PBXBuildFile; fileRef = 4152F71B252488B400837F10 /* OrganizationsView.swift */; };
		4152F72925248EE200837F10 /* OrganizationAPI.swift in Sources */ = {isa = PBXBuildFile; fileRef = 4152F72825248EE200837F10 /* OrganizationAPI.swift */; };
		4152F73B2524B3E400837F10 /* Model.xcdatamodeld in Sources */ = {isa = PBXBuildFile; fileRef = 4152F7392524B3E400837F10 /* Model.xcdatamodeld */; };
		4152F75C2524BE1700837F10 /* Model.swift in Sources */ = {isa = PBXBuildFile; fileRef = 4152F75B2524BE1700837F10 /* Model.swift */; };
		4152F7682524C1A900837F10 /* Organization.swift in Sources */ = {isa = PBXBuildFile; fileRef = 4152F7672524C1A900837F10 /* Organization.swift */; };
		417FE77C2506C57C001ABC9B /* HomeView.swift in Sources */ = {isa = PBXBuildFile; fileRef = 417FE77B2506C57C001ABC9B /* HomeView.swift */; };
		417FE77D2506C57C001ABC9B /* HomeView.swift in Sources */ = {isa = PBXBuildFile; fileRef = 417FE77B2506C57C001ABC9B /* HomeView.swift */; };
		417FE77E2506C57C001ABC9B /* HomeView.swift in Sources */ = {isa = PBXBuildFile; fileRef = 417FE77B2506C57C001ABC9B /* HomeView.swift */; };
		41A86A7824EE6BF5003EFC0F /* AppDelegate.swift in Sources */ = {isa = PBXBuildFile; fileRef = 41A86A7724EE6BF5003EFC0F /* AppDelegate.swift */; };
		41A86A7C24EE6BF5003EFC0F /* Assets.xcassets in Resources */ = {isa = PBXBuildFile; fileRef = 41A86A7B24EE6BF5003EFC0F /* Assets.xcassets */; };
		41A86A7F24EE6BF5003EFC0F /* Preview Assets.xcassets in Resources */ = {isa = PBXBuildFile; fileRef = 41A86A7E24EE6BF5003EFC0F /* Preview Assets.xcassets */; };
		41A86A9924EE6BF6003EFC0F /* chronographUITests.swift in Sources */ = {isa = PBXBuildFile; fileRef = 41A86A9824EE6BF6003EFC0F /* chronographUITests.swift */; };
		41E3FEF2250035C9003E586C /* User.swift in Sources */ = {isa = PBXBuildFile; fileRef = 412EB6A324F94BB20083A9EC /* User.swift */; };
		41E3FEF6250035D5003E586C /* LoginView.swift in Sources */ = {isa = PBXBuildFile; fileRef = 412EB6A624F95FC90083A9EC /* LoginView.swift */; };
		41E3FEF7250035D8003E586C /* Application.swift in Sources */ = {isa = PBXBuildFile; fileRef = 412EB68924F7BE3C0083A9EC /* Application.swift */; };
		41E3FEF8250035D8003E586C /* Application.swift in Sources */ = {isa = PBXBuildFile; fileRef = 412EB68924F7BE3C0083A9EC /* Application.swift */; };
		41E3FEFA2500BE60003E586C /* AppState.swift in Sources */ = {isa = PBXBuildFile; fileRef = 41E3FEF92500BE60003E586C /* AppState.swift */; };
		41E3FEFB2500BE60003E586C /* AppState.swift in Sources */ = {isa = PBXBuildFile; fileRef = 41E3FEF92500BE60003E586C /* AppState.swift */; };
		41E3FEFC2500BE60003E586C /* AppState.swift in Sources */ = {isa = PBXBuildFile; fileRef = 41E3FEF92500BE60003E586C /* AppState.swift */; };
		41E3FEFE2500BE9D003E586C /* Store.swift in Sources */ = {isa = PBXBuildFile; fileRef = 41E3FEFD2500BE9D003E586C /* Store.swift */; };
		41E3FEFF2500BE9D003E586C /* Store.swift in Sources */ = {isa = PBXBuildFile; fileRef = 41E3FEFD2500BE9D003E586C /* Store.swift */; };
		41E3FF002500BE9D003E586C /* Store.swift in Sources */ = {isa = PBXBuildFile; fileRef = 41E3FEFD2500BE9D003E586C /* Store.swift */; };
		9363A395190C2DDC61F09964 /* Pods_chronograph.framework in Frameworks */ = {isa = PBXBuildFile; fileRef = CCA2DF3A16155F260395B918 /* Pods_chronograph.framework */; };
		9FA84C13F713B67C5FC87746 /* Pods_chronographTests.framework in Frameworks */ = {isa = PBXBuildFile; fileRef = 4DBE441480D7894C5A8094A2 /* Pods_chronographTests.framework */; };
		D5B87DA77E53C418F29ECBA8 /* Pods_chronograph_chronographUITests.framework in Frameworks */ = {isa = PBXBuildFile; fileRef = 85421D53CCFEEA89C58148FA /* Pods_chronograph_chronographUITests.framework */; };
/* End PBXBuildFile section */

/* Begin PBXContainerItemProxy section */
		414F6307250A1305006D3D43 /* PBXContainerItemProxy */ = {
			isa = PBXContainerItemProxy;
			containerPortal = 41A86A6C24EE6BF5003EFC0F /* Project object */;
			proxyType = 1;
			remoteGlobalIDString = 41A86A7324EE6BF5003EFC0F;
			remoteInfo = chronograph;
		};
		414F6309250A130F006D3D43 /* PBXContainerItemProxy */ = {
			isa = PBXContainerItemProxy;
			containerPortal = 41A86A6C24EE6BF5003EFC0F /* Project object */;
			proxyType = 1;
			remoteGlobalIDString = 41A86A7324EE6BF5003EFC0F;
			remoteInfo = chronograph;
		};
/* End PBXContainerItemProxy section */

/* Begin PBXFileReference section */
		22B0CCB4423C4594A988CC6C /* Pods-chronographTests.debug.xcconfig */ = {isa = PBXFileReference; includeInIndex = 1; lastKnownFileType = text.xcconfig; name = "Pods-chronographTests.debug.xcconfig"; path = "Target Support Files/Pods-chronographTests/Pods-chronographTests.debug.xcconfig"; sourceTree = "<group>"; };
		2614DBD7250F4FB500598B48 /* Config.swift */ = {isa = PBXFileReference; lastKnownFileType = sourcecode.swift; path = Config.swift; sourceTree = "<group>"; };
		2614DBD9250F56E000598B48 /* ContentView.swift */ = {isa = PBXFileReference; fileEncoding = 4; lastKnownFileType = sourcecode.swift; path = ContentView.swift; sourceTree = "<group>"; };
		2614DBDB250F573E00598B48 /* README.md */ = {isa = PBXFileReference; fileEncoding = 4; lastKnownFileType = net.daringfireball.markdown; path = README.md; sourceTree = "<group>"; };
		412EB68924F7BE3C0083A9EC /* Application.swift */ = {isa = PBXFileReference; fileEncoding = 4; lastKnownFileType = sourcecode.swift; path = Application.swift; sourceTree = "<group>"; };
		412EB6A324F94BB20083A9EC /* User.swift */ = {isa = PBXFileReference; lastKnownFileType = sourcecode.swift; path = User.swift; sourceTree = "<group>"; };
		412EB6A624F95FC90083A9EC /* LoginView.swift */ = {isa = PBXFileReference; lastKnownFileType = sourcecode.swift; path = LoginView.swift; sourceTree = "<group>"; };
		4133D0382506AC320005603F /* ViewController.swift */ = {isa = PBXFileReference; lastKnownFileType = sourcecode.swift; path = ViewController.swift; sourceTree = "<group>"; };
		41470B9924F7871C009AF96B /* main.swift */ = {isa = PBXFileReference; lastKnownFileType = sourcecode.swift; path = main.swift; sourceTree = "<group>"; };
		41470B9B24F78CBB009AF96B /* TestAppDelegate.swift */ = {isa = PBXFileReference; lastKnownFileType = sourcecode.swift; path = TestAppDelegate.swift; sourceTree = "<group>"; };
		414F62F1250A0516006D3D43 /* UserAPI.swift */ = {isa = PBXFileReference; lastKnownFileType = sourcecode.swift; path = UserAPI.swift; sourceTree = "<group>"; };
		4152F71B252488B400837F10 /* OrganizationsView.swift */ = {isa = PBXFileReference; lastKnownFileType = sourcecode.swift; path = OrganizationsView.swift; sourceTree = "<group>"; };
		4152F72825248EE200837F10 /* OrganizationAPI.swift */ = {isa = PBXFileReference; lastKnownFileType = sourcecode.swift; path = OrganizationAPI.swift; sourceTree = "<group>"; };
		4152F73A2524B3E400837F10 /* Model.xcdatamodel */ = {isa = PBXFileReference; lastKnownFileType = wrapper.xcdatamodel; path = Model.xcdatamodel; sourceTree = "<group>"; };
		4152F75B2524BE1700837F10 /* Model.swift */ = {isa = PBXFileReference; lastKnownFileType = sourcecode.swift; path = Model.swift; sourceTree = "<group>"; };
		4152F7672524C1A900837F10 /* Organization.swift */ = {isa = PBXFileReference; fileEncoding = 4; lastKnownFileType = sourcecode.swift; path = Organization.swift; sourceTree = "<group>"; };
		417FE77B2506C57C001ABC9B /* HomeView.swift */ = {isa = PBXFileReference; lastKnownFileType = sourcecode.swift; path = HomeView.swift; sourceTree = "<group>"; };
		41A86A7424EE6BF5003EFC0F /* chronograph.app */ = {isa = PBXFileReference; explicitFileType = wrapper.application; includeInIndex = 0; path = chronograph.app; sourceTree = BUILT_PRODUCTS_DIR; };
		41A86A7724EE6BF5003EFC0F /* AppDelegate.swift */ = {isa = PBXFileReference; lastKnownFileType = sourcecode.swift; path = AppDelegate.swift; sourceTree = "<group>"; };
		41A86A7B24EE6BF5003EFC0F /* Assets.xcassets */ = {isa = PBXFileReference; lastKnownFileType = folder.assetcatalog; path = Assets.xcassets; sourceTree = "<group>"; };
		41A86A7E24EE6BF5003EFC0F /* Preview Assets.xcassets */ = {isa = PBXFileReference; lastKnownFileType = folder.assetcatalog; path = "Preview Assets.xcassets"; sourceTree = "<group>"; };
		41A86A8324EE6BF5003EFC0F /* Info.plist */ = {isa = PBXFileReference; lastKnownFileType = text.plist.xml; path = Info.plist; sourceTree = "<group>"; };
		41A86A8424EE6BF5003EFC0F /* chronograph.entitlements */ = {isa = PBXFileReference; lastKnownFileType = text.plist.entitlements; path = chronograph.entitlements; sourceTree = "<group>"; };
		41A86A8924EE6BF5003EFC0F /* chronographTests.xctest */ = {isa = PBXFileReference; explicitFileType = wrapper.cfbundle; includeInIndex = 0; path = chronographTests.xctest; sourceTree = BUILT_PRODUCTS_DIR; };
		41A86A8F24EE6BF5003EFC0F /* Info.plist */ = {isa = PBXFileReference; lastKnownFileType = text.plist.xml; path = Info.plist; sourceTree = "<group>"; };
		41A86A9424EE6BF6003EFC0F /* chronographUITests.xctest */ = {isa = PBXFileReference; explicitFileType = wrapper.cfbundle; includeInIndex = 0; path = chronographUITests.xctest; sourceTree = BUILT_PRODUCTS_DIR; };
		41A86A9824EE6BF6003EFC0F /* chronographUITests.swift */ = {isa = PBXFileReference; lastKnownFileType = sourcecode.swift; path = chronographUITests.swift; sourceTree = "<group>"; };
		41A86A9A24EE6BF6003EFC0F /* Info.plist */ = {isa = PBXFileReference; lastKnownFileType = text.plist.xml; path = Info.plist; sourceTree = "<group>"; };
		41E3FEF92500BE60003E586C /* AppState.swift */ = {isa = PBXFileReference; lastKnownFileType = sourcecode.swift; path = AppState.swift; sourceTree = "<group>"; };
		41E3FEFD2500BE9D003E586C /* Store.swift */ = {isa = PBXFileReference; lastKnownFileType = sourcecode.swift; path = Store.swift; sourceTree = "<group>"; };
		4636C377E9C3685960E1DB81 /* Pods-chronograph-chronographUITests.debug.xcconfig */ = {isa = PBXFileReference; includeInIndex = 1; lastKnownFileType = text.xcconfig; name = "Pods-chronograph-chronographUITests.debug.xcconfig"; path = "Target Support Files/Pods-chronograph-chronographUITests/Pods-chronograph-chronographUITests.debug.xcconfig"; sourceTree = "<group>"; };
		4DBE441480D7894C5A8094A2 /* Pods_chronographTests.framework */ = {isa = PBXFileReference; explicitFileType = wrapper.framework; includeInIndex = 0; path = Pods_chronographTests.framework; sourceTree = BUILT_PRODUCTS_DIR; };
		79EA4802E146AB12A2C2B9C5 /* Pods-chronograph.debug.xcconfig */ = {isa = PBXFileReference; includeInIndex = 1; lastKnownFileType = text.xcconfig; name = "Pods-chronograph.debug.xcconfig"; path = "Target Support Files/Pods-chronograph/Pods-chronograph.debug.xcconfig"; sourceTree = "<group>"; };
		85421D53CCFEEA89C58148FA /* Pods_chronograph_chronographUITests.framework */ = {isa = PBXFileReference; explicitFileType = wrapper.framework; includeInIndex = 0; path = Pods_chronograph_chronographUITests.framework; sourceTree = BUILT_PRODUCTS_DIR; };
		91AA211D6C17E72FE7C21386 /* Pods-chronographTests.release.xcconfig */ = {isa = PBXFileReference; includeInIndex = 1; lastKnownFileType = text.xcconfig; name = "Pods-chronographTests.release.xcconfig"; path = "Target Support Files/Pods-chronographTests/Pods-chronographTests.release.xcconfig"; sourceTree = "<group>"; };
		B3DA5CA9683FBEF8ECF9D23C /* Pods-chronograph.release.xcconfig */ = {isa = PBXFileReference; includeInIndex = 1; lastKnownFileType = text.xcconfig; name = "Pods-chronograph.release.xcconfig"; path = "Target Support Files/Pods-chronograph/Pods-chronograph.release.xcconfig"; sourceTree = "<group>"; };
		CCA2DF3A16155F260395B918 /* Pods_chronograph.framework */ = {isa = PBXFileReference; explicitFileType = wrapper.framework; includeInIndex = 0; path = Pods_chronograph.framework; sourceTree = BUILT_PRODUCTS_DIR; };
		D0622F1581C2861B2D85D1A4 /* Pods-chronograph-chronographUITests.release.xcconfig */ = {isa = PBXFileReference; includeInIndex = 1; lastKnownFileType = text.xcconfig; name = "Pods-chronograph-chronographUITests.release.xcconfig"; path = "Target Support Files/Pods-chronograph-chronographUITests/Pods-chronograph-chronographUITests.release.xcconfig"; sourceTree = "<group>"; };
/* End PBXFileReference section */

/* Begin PBXFrameworksBuildPhase section */
		41A86A7124EE6BF5003EFC0F /* Frameworks */ = {
			isa = PBXFrameworksBuildPhase;
			buildActionMask = 2147483647;
			files = (
				9363A395190C2DDC61F09964 /* Pods_chronograph.framework in Frameworks */,
			);
			runOnlyForDeploymentPostprocessing = 0;
		};
		41A86A8624EE6BF5003EFC0F /* Frameworks */ = {
			isa = PBXFrameworksBuildPhase;
			buildActionMask = 2147483647;
			files = (
				9FA84C13F713B67C5FC87746 /* Pods_chronographTests.framework in Frameworks */,
			);
			runOnlyForDeploymentPostprocessing = 0;
		};
		41A86A9124EE6BF6003EFC0F /* Frameworks */ = {
			isa = PBXFrameworksBuildPhase;
			buildActionMask = 2147483647;
			files = (
				D5B87DA77E53C418F29ECBA8 /* Pods_chronograph_chronographUITests.framework in Frameworks */,
			);
			runOnlyForDeploymentPostprocessing = 0;
		};
/* End PBXFrameworksBuildPhase section */

/* Begin PBXGroup section */
		412EB69524F919F00083A9EC /* Views */ = {
			isa = PBXGroup;
			children = (
				2614DBD9250F56E000598B48 /* ContentView.swift */,
				412EB6A624F95FC90083A9EC /* LoginView.swift */,
				417FE77B2506C57C001ABC9B /* HomeView.swift */,
				4152F71B252488B400837F10 /* OrganizationsView.swift */,
			);
			path = Views;
			sourceTree = "<group>";
		};
		412EB6A224F94B9C0083A9EC /* Models */ = {
			isa = PBXGroup;
			children = (
				4152F7672524C1A900837F10 /* Organization.swift */,
				412EB6A324F94BB20083A9EC /* User.swift */,
				4152F75B2524BE1700837F10 /* Model.swift */,
			);
			path = Models;
			sourceTree = "<group>";
		};
		414F62F0250A04DF006D3D43 /* API */ = {
			isa = PBXGroup;
			children = (
				414F62F1250A0516006D3D43 /* UserAPI.swift */,
				4152F72825248EE200837F10 /* OrganizationAPI.swift */,
			);
			path = API;
			sourceTree = "<group>";
		};
		41A86A6B24EE6BF5003EFC0F = {
			isa = PBXGroup;
			children = (
				2614DBDB250F573E00598B48 /* README.md */,
				41470B9924F7871C009AF96B /* main.swift */,
				41A86A7624EE6BF5003EFC0F /* chronograph */,
				41A86A8C24EE6BF5003EFC0F /* chronographTests */,
				41A86A9724EE6BF6003EFC0F /* chronographUITests */,
				41A86A7524EE6BF5003EFC0F /* Products */,
				53525D7FBE543821A3A4F9DF /* Pods */,
				50ACFBB6A3EB309051C318DF /* Frameworks */,
			);
			sourceTree = "<group>";
		};
		41A86A7524EE6BF5003EFC0F /* Products */ = {
			isa = PBXGroup;
			children = (
				41A86A7424EE6BF5003EFC0F /* chronograph.app */,
				41A86A8924EE6BF5003EFC0F /* chronographTests.xctest */,
				41A86A9424EE6BF6003EFC0F /* chronographUITests.xctest */,
			);
			name = Products;
			sourceTree = "<group>";
		};
		41A86A7624EE6BF5003EFC0F /* chronograph */ = {
			isa = PBXGroup;
			children = (
				41A86A8424EE6BF5003EFC0F /* chronograph.entitlements */,
				41A86A8324EE6BF5003EFC0F /* Info.plist */,
				41A86A7724EE6BF5003EFC0F /* AppDelegate.swift */,
				412EB68924F7BE3C0083A9EC /* Application.swift */,
				41E3FEF92500BE60003E586C /* AppState.swift */,
				2614DBD7250F4FB500598B48 /* Config.swift */,
				41E3FEFD2500BE9D003E586C /* Store.swift */,
				4133D0382506AC320005603F /* ViewController.swift */,
				41A86A7B24EE6BF5003EFC0F /* Assets.xcassets */,
				412EB6A224F94B9C0083A9EC /* Models */,
				414F62F0250A04DF006D3D43 /* API */,
				41A86A7D24EE6BF5003EFC0F /* Preview Content */,
				412EB69524F919F00083A9EC /* Views */,
				4152F7392524B3E400837F10 /* Model.xcdatamodeld */,
			);
			path = chronograph;
			sourceTree = "<group>";
		};
		41A86A7D24EE6BF5003EFC0F /* Preview Content */ = {
			isa = PBXGroup;
			children = (
				41A86A7E24EE6BF5003EFC0F /* Preview Assets.xcassets */,
			);
			path = "Preview Content";
			sourceTree = "<group>";
		};
		41A86A8C24EE6BF5003EFC0F /* chronographTests */ = {
			isa = PBXGroup;
			children = (
				41A86A8F24EE6BF5003EFC0F /* Info.plist */,
				41470B9B24F78CBB009AF96B /* TestAppDelegate.swift */,
			);
			path = chronographTests;
			sourceTree = "<group>";
		};
		41A86A9724EE6BF6003EFC0F /* chronographUITests */ = {
			isa = PBXGroup;
			children = (
				41A86A9824EE6BF6003EFC0F /* chronographUITests.swift */,
				41A86A9A24EE6BF6003EFC0F /* Info.plist */,
			);
			path = chronographUITests;
			sourceTree = "<group>";
		};
		50ACFBB6A3EB309051C318DF /* Frameworks */ = {
			isa = PBXGroup;
			children = (
				CCA2DF3A16155F260395B918 /* Pods_chronograph.framework */,
				85421D53CCFEEA89C58148FA /* Pods_chronograph_chronographUITests.framework */,
				4DBE441480D7894C5A8094A2 /* Pods_chronographTests.framework */,
			);
			name = Frameworks;
			sourceTree = "<group>";
		};
		53525D7FBE543821A3A4F9DF /* Pods */ = {
			isa = PBXGroup;
			children = (
				79EA4802E146AB12A2C2B9C5 /* Pods-chronograph.debug.xcconfig */,
				B3DA5CA9683FBEF8ECF9D23C /* Pods-chronograph.release.xcconfig */,
				4636C377E9C3685960E1DB81 /* Pods-chronograph-chronographUITests.debug.xcconfig */,
				D0622F1581C2861B2D85D1A4 /* Pods-chronograph-chronographUITests.release.xcconfig */,
				22B0CCB4423C4594A988CC6C /* Pods-chronographTests.debug.xcconfig */,
				91AA211D6C17E72FE7C21386 /* Pods-chronographTests.release.xcconfig */,
			);
			path = Pods;
			sourceTree = "<group>";
		};
/* End PBXGroup section */

/* Begin PBXNativeTarget section */
		41A86A7324EE6BF5003EFC0F /* chronograph */ = {
			isa = PBXNativeTarget;
			buildConfigurationList = 41A86A9D24EE6BF6003EFC0F /* Build configuration list for PBXNativeTarget "chronograph" */;
			buildPhases = (
				CC03D6DE178BB390ACBD2CEA /* [CP] Check Pods Manifest.lock */,
				41A86A7024EE6BF5003EFC0F /* Sources */,
				41A86A7124EE6BF5003EFC0F /* Frameworks */,
				41A86A7224EE6BF5003EFC0F /* Resources */,
				FEC71F3D6DECD6C72546AB45 /* [CP] Embed Pods Frameworks */,
			);
			buildRules = (
			);
			dependencies = (
			);
			name = chronograph;
			productName = chronograph;
			productReference = 41A86A7424EE6BF5003EFC0F /* chronograph.app */;
			productType = "com.apple.product-type.application";
		};
		41A86A8824EE6BF5003EFC0F /* chronographTests */ = {
			isa = PBXNativeTarget;
			buildConfigurationList = 41A86AA024EE6BF6003EFC0F /* Build configuration list for PBXNativeTarget "chronographTests" */;
			buildPhases = (
				901795C52E0AE1E9FE222C01 /* [CP] Check Pods Manifest.lock */,
				41A86A8524EE6BF5003EFC0F /* Sources */,
				41A86A8624EE6BF5003EFC0F /* Frameworks */,
				41A86A8724EE6BF5003EFC0F /* Resources */,
			);
			buildRules = (
			);
			dependencies = (
				414F6308250A1305006D3D43 /* PBXTargetDependency */,
			);
			name = chronographTests;
			productName = chronographTests;
			productReference = 41A86A8924EE6BF5003EFC0F /* chronographTests.xctest */;
			productType = "com.apple.product-type.bundle.unit-test";
		};
		41A86A9324EE6BF6003EFC0F /* chronographUITests */ = {
			isa = PBXNativeTarget;
			buildConfigurationList = 41A86AA324EE6BF6003EFC0F /* Build configuration list for PBXNativeTarget "chronographUITests" */;
			buildPhases = (
				EEAC11FAA06D01EB3BBEAFB5 /* [CP] Check Pods Manifest.lock */,
				41A86A9024EE6BF6003EFC0F /* Sources */,
				41A86A9124EE6BF6003EFC0F /* Frameworks */,
				41A86A9224EE6BF6003EFC0F /* Resources */,
				05D1ADBB0957216E582992BC /* [CP] Embed Pods Frameworks */,
			);
			buildRules = (
			);
			dependencies = (
				414F630A250A130F006D3D43 /* PBXTargetDependency */,
			);
			name = chronographUITests;
			productName = chronographUITests;
			productReference = 41A86A9424EE6BF6003EFC0F /* chronographUITests.xctest */;
			productType = "com.apple.product-type.bundle.ui-testing";
		};
/* End PBXNativeTarget section */

/* Begin PBXProject section */
		41A86A6C24EE6BF5003EFC0F /* Project object */ = {
			isa = PBXProject;
			attributes = {
				LastSwiftUpdateCheck = 1160;
				LastUpgradeCheck = 1160;
				ORGANIZATIONNAME = nilenso;
				TargetAttributes = {
					41A86A7324EE6BF5003EFC0F = {
						CreatedOnToolsVersion = 11.6;
					};
					41A86A8824EE6BF5003EFC0F = {
						CreatedOnToolsVersion = 11.6;
						TestTargetID = 41A86A7324EE6BF5003EFC0F;
					};
					41A86A9324EE6BF6003EFC0F = {
						CreatedOnToolsVersion = 11.6;
						TestTargetID = 41A86A7324EE6BF5003EFC0F;
					};
				};
			};
			buildConfigurationList = 41A86A6F24EE6BF5003EFC0F /* Build configuration list for PBXProject "chronograph" */;
			compatibilityVersion = "Xcode 9.3";
			developmentRegion = en;
			hasScannedForEncodings = 0;
			knownRegions = (
				en,
				Base,
			);
			mainGroup = 41A86A6B24EE6BF5003EFC0F;
			productRefGroup = 41A86A7524EE6BF5003EFC0F /* Products */;
			projectDirPath = "";
			projectRoot = "";
			targets = (
				41A86A7324EE6BF5003EFC0F /* chronograph */,
				41A86A8824EE6BF5003EFC0F /* chronographTests */,
				41A86A9324EE6BF6003EFC0F /* chronographUITests */,
			);
		};
/* End PBXProject section */

/* Begin PBXResourcesBuildPhase section */
		41A86A7224EE6BF5003EFC0F /* Resources */ = {
			isa = PBXResourcesBuildPhase;
			buildActionMask = 2147483647;
			files = (
				2614DBDC250F573E00598B48 /* README.md in Resources */,
				41A86A7F24EE6BF5003EFC0F /* Preview Assets.xcassets in Resources */,
				41A86A7C24EE6BF5003EFC0F /* Assets.xcassets in Resources */,
			);
			runOnlyForDeploymentPostprocessing = 0;
		};
		41A86A8724EE6BF5003EFC0F /* Resources */ = {
			isa = PBXResourcesBuildPhase;
			buildActionMask = 2147483647;
			files = (
			);
			runOnlyForDeploymentPostprocessing = 0;
		};
		41A86A9224EE6BF6003EFC0F /* Resources */ = {
			isa = PBXResourcesBuildPhase;
			buildActionMask = 2147483647;
			files = (
			);
			runOnlyForDeploymentPostprocessing = 0;
		};
/* End PBXResourcesBuildPhase section */

/* Begin PBXShellScriptBuildPhase section */
		05D1ADBB0957216E582992BC /* [CP] Embed Pods Frameworks */ = {
			isa = PBXShellScriptBuildPhase;
			buildActionMask = 2147483647;
			files = (
			);
			inputFileListPaths = (
				"${PODS_ROOT}/Target Support Files/Pods-chronograph-chronographUITests/Pods-chronograph-chronographUITests-frameworks-${CONFIGURATION}-input-files.xcfilelist",
			);
			name = "[CP] Embed Pods Frameworks";
			outputFileListPaths = (
				"${PODS_ROOT}/Target Support Files/Pods-chronograph-chronographUITests/Pods-chronograph-chronographUITests-frameworks-${CONFIGURATION}-output-files.xcfilelist",
			);
			runOnlyForDeploymentPostprocessing = 0;
			shellPath = /bin/sh;
			shellScript = "\"${PODS_ROOT}/Target Support Files/Pods-chronograph-chronographUITests/Pods-chronograph-chronographUITests-frameworks.sh\"\n";
			showEnvVarsInLog = 0;
		};
		901795C52E0AE1E9FE222C01 /* [CP] Check Pods Manifest.lock */ = {
			isa = PBXShellScriptBuildPhase;
			buildActionMask = 2147483647;
			files = (
			);
			inputFileListPaths = (
			);
			inputPaths = (
				"${PODS_PODFILE_DIR_PATH}/Podfile.lock",
				"${PODS_ROOT}/Manifest.lock",
			);
			name = "[CP] Check Pods Manifest.lock";
			outputFileListPaths = (
			);
			outputPaths = (
				"$(DERIVED_FILE_DIR)/Pods-chronographTests-checkManifestLockResult.txt",
			);
			runOnlyForDeploymentPostprocessing = 0;
			shellPath = /bin/sh;
			shellScript = "diff \"${PODS_PODFILE_DIR_PATH}/Podfile.lock\" \"${PODS_ROOT}/Manifest.lock\" > /dev/null\nif [ $? != 0 ] ; then\n    # print error to STDERR\n    echo \"error: The sandbox is not in sync with the Podfile.lock. Run 'pod install' or update your CocoaPods installation.\" >&2\n    exit 1\nfi\n# This output is used by Xcode 'outputs' to avoid re-running this script phase.\necho \"SUCCESS\" > \"${SCRIPT_OUTPUT_FILE_0}\"\n";
			showEnvVarsInLog = 0;
		};
		CC03D6DE178BB390ACBD2CEA /* [CP] Check Pods Manifest.lock */ = {
			isa = PBXShellScriptBuildPhase;
			buildActionMask = 2147483647;
			files = (
			);
			inputFileListPaths = (
			);
			inputPaths = (
				"${PODS_PODFILE_DIR_PATH}/Podfile.lock",
				"${PODS_ROOT}/Manifest.lock",
			);
			name = "[CP] Check Pods Manifest.lock";
			outputFileListPaths = (
			);
			outputPaths = (
				"$(DERIVED_FILE_DIR)/Pods-chronograph-checkManifestLockResult.txt",
			);
			runOnlyForDeploymentPostprocessing = 0;
			shellPath = /bin/sh;
			shellScript = "diff \"${PODS_PODFILE_DIR_PATH}/Podfile.lock\" \"${PODS_ROOT}/Manifest.lock\" > /dev/null\nif [ $? != 0 ] ; then\n    # print error to STDERR\n    echo \"error: The sandbox is not in sync with the Podfile.lock. Run 'pod install' or update your CocoaPods installation.\" >&2\n    exit 1\nfi\n# This output is used by Xcode 'outputs' to avoid re-running this script phase.\necho \"SUCCESS\" > \"${SCRIPT_OUTPUT_FILE_0}\"\n";
			showEnvVarsInLog = 0;
		};
		EEAC11FAA06D01EB3BBEAFB5 /* [CP] Check Pods Manifest.lock */ = {
			isa = PBXShellScriptBuildPhase;
			buildActionMask = 2147483647;
			files = (
			);
			inputFileListPaths = (
			);
			inputPaths = (
				"${PODS_PODFILE_DIR_PATH}/Podfile.lock",
				"${PODS_ROOT}/Manifest.lock",
			);
			name = "[CP] Check Pods Manifest.lock";
			outputFileListPaths = (
			);
			outputPaths = (
				"$(DERIVED_FILE_DIR)/Pods-chronograph-chronographUITests-checkManifestLockResult.txt",
			);
			runOnlyForDeploymentPostprocessing = 0;
			shellPath = /bin/sh;
			shellScript = "diff \"${PODS_PODFILE_DIR_PATH}/Podfile.lock\" \"${PODS_ROOT}/Manifest.lock\" > /dev/null\nif [ $? != 0 ] ; then\n    # print error to STDERR\n    echo \"error: The sandbox is not in sync with the Podfile.lock. Run 'pod install' or update your CocoaPods installation.\" >&2\n    exit 1\nfi\n# This output is used by Xcode 'outputs' to avoid re-running this script phase.\necho \"SUCCESS\" > \"${SCRIPT_OUTPUT_FILE_0}\"\n";
			showEnvVarsInLog = 0;
		};
		FEC71F3D6DECD6C72546AB45 /* [CP] Embed Pods Frameworks */ = {
			isa = PBXShellScriptBuildPhase;
			buildActionMask = 2147483647;
			files = (
			);
			inputFileListPaths = (
				"${PODS_ROOT}/Target Support Files/Pods-chronograph/Pods-chronograph-frameworks-${CONFIGURATION}-input-files.xcfilelist",
			);
			name = "[CP] Embed Pods Frameworks";
			outputFileListPaths = (
				"${PODS_ROOT}/Target Support Files/Pods-chronograph/Pods-chronograph-frameworks-${CONFIGURATION}-output-files.xcfilelist",
			);
			runOnlyForDeploymentPostprocessing = 0;
			shellPath = /bin/sh;
			shellScript = "\"${PODS_ROOT}/Target Support Files/Pods-chronograph/Pods-chronograph-frameworks.sh\"\n";
			showEnvVarsInLog = 0;
		};
/* End PBXShellScriptBuildPhase section */

/* Begin PBXSourcesBuildPhase section */
		41A86A7024EE6BF5003EFC0F /* Sources */ = {
			isa = PBXSourcesBuildPhase;
			buildActionMask = 2147483647;
			files = (
				41E3FEFA2500BE60003E586C /* AppState.swift in Sources */,
				4152F71C252488B400837F10 /* OrganizationsView.swift in Sources */,
				417FE77C2506C57C001ABC9B /* HomeView.swift in Sources */,
				412EB68A24F7BE3C0083A9EC /* Application.swift in Sources */,
				2614DBD8250F4FB500598B48 /* Config.swift in Sources */,
				412EB6A724F95FC90083A9EC /* LoginView.swift in Sources */,
				41A86A7824EE6BF5003EFC0F /* AppDelegate.swift in Sources */,
				4133D0392506AC320005603F /* ViewController.swift in Sources */,
				41E3FEFE2500BE9D003E586C /* Store.swift in Sources */,
				412EB6A424F94BB20083A9EC /* User.swift in Sources */,
				4152F72925248EE200837F10 /* OrganizationAPI.swift in Sources */,
				414F62F2250A0516006D3D43 /* UserAPI.swift in Sources */,
				412EB68A24F7BE3C0083A9EC /* Application.swift in Sources */,
				41A86A7824EE6BF5003EFC0F /* AppDelegate.swift in Sources */,
				4152F75C2524BE1700837F10 /* Model.swift in Sources */,
				2614DBDA250F56E000598B48 /* ContentView.swift in Sources */,
				41A86A7824EE6BF5003EFC0F /* AppDelegate.swift in Sources */,
				4152F73B2524B3E400837F10 /* Model.xcdatamodeld in Sources */,
				4152F7682524C1A900837F10 /* Organization.swift in Sources */,
				41470B9A24F7871C009AF96B /* main.swift in Sources */,
			);
			runOnlyForDeploymentPostprocessing = 0;
		};
		41A86A8524EE6BF5003EFC0F /* Sources */ = {
			isa = PBXSourcesBuildPhase;
			buildActionMask = 2147483647;
			files = (
				41E3FEF7250035D8003E586C /* Application.swift in Sources */,
				412EB6A824F95FC90083A9EC /* LoginView.swift in Sources */,
				2614DBDD250F592D00598B48 /* ContentView.swift in Sources */,
				41E3FEFB2500BE60003E586C /* AppState.swift in Sources */,
				4133D03A2506AC320005603F /* ViewController.swift in Sources */,
				2614DBDF250F593200598B48 /* Config.swift in Sources */,
				41470B9C24F78CBB009AF96B /* TestAppDelegate.swift in Sources */,
				414F62F3250A0F76006D3D43 /* UserAPI.swift in Sources */,
				41E3FEFF2500BE9D003E586C /* Store.swift in Sources */,
				414F62F5250A0F7E006D3D43 /* AppDelegate.swift in Sources */,
				412EB6A524F94BB20083A9EC /* User.swift in Sources */,
				417FE77D2506C57C001ABC9B /* HomeView.swift in Sources */,
			);
			runOnlyForDeploymentPostprocessing = 0;
		};
		41A86A9024EE6BF6003EFC0F /* Sources */ = {
			isa = PBXSourcesBuildPhase;
			buildActionMask = 2147483647;
			files = (
				414F62F6250A0F7E006D3D43 /* AppDelegate.swift in Sources */,
				2614DBDE250F592D00598B48 /* ContentView.swift in Sources */,
				41E3FEF6250035D5003E586C /* LoginView.swift in Sources */,
				41E3FEF8250035D8003E586C /* Application.swift in Sources */,
				41E3FEFC2500BE60003E586C /* AppState.swift in Sources */,
				2614DBE0250F593200598B48 /* Config.swift in Sources */,
				414F62F4250A0F77006D3D43 /* UserAPI.swift in Sources */,
				417FE77E2506C57C001ABC9B /* HomeView.swift in Sources */,
				4133D03B2506AC320005603F /* ViewController.swift in Sources */,
				41E3FF002500BE9D003E586C /* Store.swift in Sources */,
				41A86A9924EE6BF6003EFC0F /* chronographUITests.swift in Sources */,
				41E3FEF2250035C9003E586C /* User.swift in Sources */,
			);
			runOnlyForDeploymentPostprocessing = 0;
		};
/* End PBXSourcesBuildPhase section */

/* Begin PBXTargetDependency section */
		414F6308250A1305006D3D43 /* PBXTargetDependency */ = {
			isa = PBXTargetDependency;
			target = 41A86A7324EE6BF5003EFC0F /* chronograph */;
			targetProxy = 414F6307250A1305006D3D43 /* PBXContainerItemProxy */;
		};
		414F630A250A130F006D3D43 /* PBXTargetDependency */ = {
			isa = PBXTargetDependency;
			target = 41A86A7324EE6BF5003EFC0F /* chronograph */;
			targetProxy = 414F6309250A130F006D3D43 /* PBXContainerItemProxy */;
		};
/* End PBXTargetDependency section */

/* Begin XCBuildConfiguration section */
		41A86A9B24EE6BF6003EFC0F /* Debug */ = {
			isa = XCBuildConfiguration;
			buildSettings = {
				ALWAYS_SEARCH_USER_PATHS = NO;
				CLANG_ANALYZER_NONNULL = YES;
				CLANG_ANALYZER_NUMBER_OBJECT_CONVERSION = YES_AGGRESSIVE;
				CLANG_CXX_LANGUAGE_STANDARD = "gnu++14";
				CLANG_CXX_LIBRARY = "libc++";
				CLANG_ENABLE_MODULES = YES;
				CLANG_ENABLE_OBJC_ARC = YES;
				CLANG_ENABLE_OBJC_WEAK = YES;
				CLANG_WARN_BLOCK_CAPTURE_AUTORELEASING = YES;
				CLANG_WARN_BOOL_CONVERSION = YES;
				CLANG_WARN_COMMA = YES;
				CLANG_WARN_CONSTANT_CONVERSION = YES;
				CLANG_WARN_DEPRECATED_OBJC_IMPLEMENTATIONS = YES;
				CLANG_WARN_DIRECT_OBJC_ISA_USAGE = YES_ERROR;
				CLANG_WARN_DOCUMENTATION_COMMENTS = YES;
				CLANG_WARN_EMPTY_BODY = YES;
				CLANG_WARN_ENUM_CONVERSION = YES;
				CLANG_WARN_INFINITE_RECURSION = YES;
				CLANG_WARN_INT_CONVERSION = YES;
				CLANG_WARN_NON_LITERAL_NULL_CONVERSION = YES;
				CLANG_WARN_OBJC_IMPLICIT_RETAIN_SELF = YES;
				CLANG_WARN_OBJC_LITERAL_CONVERSION = YES;
				CLANG_WARN_OBJC_ROOT_CLASS = YES_ERROR;
				CLANG_WARN_RANGE_LOOP_ANALYSIS = YES;
				CLANG_WARN_STRICT_PROTOTYPES = YES;
				CLANG_WARN_SUSPICIOUS_MOVE = YES;
				CLANG_WARN_UNGUARDED_AVAILABILITY = YES_AGGRESSIVE;
				CLANG_WARN_UNREACHABLE_CODE = YES;
				CLANG_WARN__DUPLICATE_METHOD_MATCH = YES;
				COPY_PHASE_STRIP = NO;
				DEBUG_INFORMATION_FORMAT = dwarf;
				ENABLE_STRICT_OBJC_MSGSEND = YES;
				ENABLE_TESTABILITY = YES;
				GCC_C_LANGUAGE_STANDARD = gnu11;
				GCC_DYNAMIC_NO_PIC = NO;
				GCC_NO_COMMON_BLOCKS = YES;
				GCC_OPTIMIZATION_LEVEL = 0;
				GCC_PREPROCESSOR_DEFINITIONS = (
					"DEBUG=1",
					"$(inherited)",
				);
				GCC_WARN_64_TO_32_BIT_CONVERSION = YES;
				GCC_WARN_ABOUT_RETURN_TYPE = YES_ERROR;
				GCC_WARN_UNDECLARED_SELECTOR = YES;
				GCC_WARN_UNINITIALIZED_AUTOS = YES_AGGRESSIVE;
				GCC_WARN_UNUSED_FUNCTION = YES;
				GCC_WARN_UNUSED_VARIABLE = YES;
				MACOSX_DEPLOYMENT_TARGET = 10.15;
				MTL_ENABLE_DEBUG_INFO = INCLUDE_SOURCE;
				MTL_FAST_MATH = YES;
				ONLY_ACTIVE_ARCH = YES;
				SDKROOT = macosx;
				SWIFT_ACTIVE_COMPILATION_CONDITIONS = DEBUG;
				SWIFT_OPTIMIZATION_LEVEL = "-Onone";
			};
			name = Debug;
		};
		41A86A9C24EE6BF6003EFC0F /* Release */ = {
			isa = XCBuildConfiguration;
			buildSettings = {
				ALWAYS_SEARCH_USER_PATHS = NO;
				CLANG_ANALYZER_NONNULL = YES;
				CLANG_ANALYZER_NUMBER_OBJECT_CONVERSION = YES_AGGRESSIVE;
				CLANG_CXX_LANGUAGE_STANDARD = "gnu++14";
				CLANG_CXX_LIBRARY = "libc++";
				CLANG_ENABLE_MODULES = YES;
				CLANG_ENABLE_OBJC_ARC = YES;
				CLANG_ENABLE_OBJC_WEAK = YES;
				CLANG_WARN_BLOCK_CAPTURE_AUTORELEASING = YES;
				CLANG_WARN_BOOL_CONVERSION = YES;
				CLANG_WARN_COMMA = YES;
				CLANG_WARN_CONSTANT_CONVERSION = YES;
				CLANG_WARN_DEPRECATED_OBJC_IMPLEMENTATIONS = YES;
				CLANG_WARN_DIRECT_OBJC_ISA_USAGE = YES_ERROR;
				CLANG_WARN_DOCUMENTATION_COMMENTS = YES;
				CLANG_WARN_EMPTY_BODY = YES;
				CLANG_WARN_ENUM_CONVERSION = YES;
				CLANG_WARN_INFINITE_RECURSION = YES;
				CLANG_WARN_INT_CONVERSION = YES;
				CLANG_WARN_NON_LITERAL_NULL_CONVERSION = YES;
				CLANG_WARN_OBJC_IMPLICIT_RETAIN_SELF = YES;
				CLANG_WARN_OBJC_LITERAL_CONVERSION = YES;
				CLANG_WARN_OBJC_ROOT_CLASS = YES_ERROR;
				CLANG_WARN_RANGE_LOOP_ANALYSIS = YES;
				CLANG_WARN_STRICT_PROTOTYPES = YES;
				CLANG_WARN_SUSPICIOUS_MOVE = YES;
				CLANG_WARN_UNGUARDED_AVAILABILITY = YES_AGGRESSIVE;
				CLANG_WARN_UNREACHABLE_CODE = YES;
				CLANG_WARN__DUPLICATE_METHOD_MATCH = YES;
				COPY_PHASE_STRIP = NO;
				DEBUG_INFORMATION_FORMAT = "dwarf-with-dsym";
				ENABLE_NS_ASSERTIONS = NO;
				ENABLE_STRICT_OBJC_MSGSEND = YES;
				GCC_C_LANGUAGE_STANDARD = gnu11;
				GCC_NO_COMMON_BLOCKS = YES;
				GCC_WARN_64_TO_32_BIT_CONVERSION = YES;
				GCC_WARN_ABOUT_RETURN_TYPE = YES_ERROR;
				GCC_WARN_UNDECLARED_SELECTOR = YES;
				GCC_WARN_UNINITIALIZED_AUTOS = YES_AGGRESSIVE;
				GCC_WARN_UNUSED_FUNCTION = YES;
				GCC_WARN_UNUSED_VARIABLE = YES;
				MACOSX_DEPLOYMENT_TARGET = 10.15;
				MTL_ENABLE_DEBUG_INFO = NO;
				MTL_FAST_MATH = YES;
				SDKROOT = macosx;
				SWIFT_COMPILATION_MODE = wholemodule;
				SWIFT_OPTIMIZATION_LEVEL = "-O";
			};
			name = Release;
		};
		41A86A9E24EE6BF6003EFC0F /* Debug */ = {
			isa = XCBuildConfiguration;
			baseConfigurationReference = 79EA4802E146AB12A2C2B9C5 /* Pods-chronograph.debug.xcconfig */;
			buildSettings = {
				ASSETCATALOG_COMPILER_APPICON_NAME = AppIcon;
				CALLBACK_URL_SCHEME = chronograph;
				CODE_SIGN_ENTITLEMENTS = chronograph/chronograph.entitlements;
				CODE_SIGN_STYLE = Automatic;
				COMBINE_HIDPI_IMAGES = YES;
				DEVELOPMENT_ASSET_PATHS = "\"chronograph/Preview Content\"";
				ENABLE_PREVIEWS = YES;
				INFOPLIST_FILE = chronograph/Info.plist;
				LD_RUNPATH_SEARCH_PATHS = (
					"$(inherited)",
					"@executable_path/../Frameworks",
				);
				MACOSX_DEPLOYMENT_TARGET = 10.15;
				PRODUCT_BUNDLE_IDENTIFIER = coop.nilenso.chronograph;
				PRODUCT_NAME = "$(TARGET_NAME)";
				SERVER_URL = "http://localhost:8000";
				SWIFT_VERSION = 5.0;
			};
			name = Debug;
		};
		41A86A9F24EE6BF6003EFC0F /* Release */ = {
			isa = XCBuildConfiguration;
			baseConfigurationReference = B3DA5CA9683FBEF8ECF9D23C /* Pods-chronograph.release.xcconfig */;
			buildSettings = {
				ASSETCATALOG_COMPILER_APPICON_NAME = AppIcon;
				CALLBACK_URL_SCHEME = chronograph;
				CODE_SIGN_ENTITLEMENTS = chronograph/chronograph.entitlements;
				CODE_SIGN_STYLE = Automatic;
				COMBINE_HIDPI_IMAGES = YES;
				DEVELOPMENT_ASSET_PATHS = "\"chronograph/Preview Content\"";
				ENABLE_PREVIEWS = YES;
				INFOPLIST_FILE = chronograph/Info.plist;
				LD_RUNPATH_SEARCH_PATHS = (
					"$(inherited)",
					"@executable_path/../Frameworks",
				);
				MACOSX_DEPLOYMENT_TARGET = 10.15;
				PRODUCT_BUNDLE_IDENTIFIER = coop.nilenso.chronograph;
				PRODUCT_NAME = "$(TARGET_NAME)";
				SERVER_URL = "https://chronograph.amongdragons.com";
				SWIFT_VERSION = 5.0;
			};
			name = Release;
		};
		41A86AA124EE6BF6003EFC0F /* Debug */ = {
			isa = XCBuildConfiguration;
			baseConfigurationReference = 22B0CCB4423C4594A988CC6C /* Pods-chronographTests.debug.xcconfig */;
			buildSettings = {
				BUNDLE_LOADER = "$(TEST_HOST)";
				CODE_SIGN_STYLE = Automatic;
				COMBINE_HIDPI_IMAGES = YES;
				INFOPLIST_FILE = chronographTests/Info.plist;
				LD_RUNPATH_SEARCH_PATHS = (
					"$(inherited)",
					"@executable_path/../Frameworks",
					"@loader_path/../Frameworks",
				);
				MACOSX_DEPLOYMENT_TARGET = 10.15;
				PRODUCT_BUNDLE_IDENTIFIER = coop.nilenso.chronographTests;
				PRODUCT_NAME = "$(TARGET_NAME)";
				SWIFT_VERSION = 5.0;
				TEST_HOST = "$(BUILT_PRODUCTS_DIR)/chronograph.app/Contents/MacOS/chronograph";
			};
			name = Debug;
		};
		41A86AA224EE6BF6003EFC0F /* Release */ = {
			isa = XCBuildConfiguration;
			baseConfigurationReference = 91AA211D6C17E72FE7C21386 /* Pods-chronographTests.release.xcconfig */;
			buildSettings = {
				BUNDLE_LOADER = "$(TEST_HOST)";
				CODE_SIGN_STYLE = Automatic;
				COMBINE_HIDPI_IMAGES = YES;
				INFOPLIST_FILE = chronographTests/Info.plist;
				LD_RUNPATH_SEARCH_PATHS = (
					"$(inherited)",
					"@executable_path/../Frameworks",
					"@loader_path/../Frameworks",
				);
				MACOSX_DEPLOYMENT_TARGET = 10.15;
				PRODUCT_BUNDLE_IDENTIFIER = coop.nilenso.chronographTests;
				PRODUCT_NAME = "$(TARGET_NAME)";
				SWIFT_VERSION = 5.0;
				TEST_HOST = "$(BUILT_PRODUCTS_DIR)/chronograph.app/Contents/MacOS/chronograph";
			};
			name = Release;
		};
		41A86AA424EE6BF6003EFC0F /* Debug */ = {
			isa = XCBuildConfiguration;
			baseConfigurationReference = 4636C377E9C3685960E1DB81 /* Pods-chronograph-chronographUITests.debug.xcconfig */;
			buildSettings = {
				CODE_SIGN_STYLE = Automatic;
				COMBINE_HIDPI_IMAGES = YES;
				INFOPLIST_FILE = chronographUITests/Info.plist;
				LD_RUNPATH_SEARCH_PATHS = (
					"$(inherited)",
					"@executable_path/../Frameworks",
					"@loader_path/../Frameworks",
				);
				PRODUCT_BUNDLE_IDENTIFIER = coop.nilenso.chronographUITests;
				PRODUCT_NAME = "$(TARGET_NAME)";
				SWIFT_VERSION = 5.0;
				TEST_TARGET_NAME = chronograph;
			};
			name = Debug;
		};
		41A86AA524EE6BF6003EFC0F /* Release */ = {
			isa = XCBuildConfiguration;
			baseConfigurationReference = D0622F1581C2861B2D85D1A4 /* Pods-chronograph-chronographUITests.release.xcconfig */;
			buildSettings = {
				CODE_SIGN_STYLE = Automatic;
				COMBINE_HIDPI_IMAGES = YES;
				INFOPLIST_FILE = chronographUITests/Info.plist;
				LD_RUNPATH_SEARCH_PATHS = (
					"$(inherited)",
					"@executable_path/../Frameworks",
					"@loader_path/../Frameworks",
				);
				PRODUCT_BUNDLE_IDENTIFIER = coop.nilenso.chronographUITests;
				PRODUCT_NAME = "$(TARGET_NAME)";
				SWIFT_VERSION = 5.0;
				TEST_TARGET_NAME = chronograph;
			};
			name = Release;
		};
/* End XCBuildConfiguration section */

/* Begin XCConfigurationList section */
		41A86A6F24EE6BF5003EFC0F /* Build configuration list for PBXProject "chronograph" */ = {
			isa = XCConfigurationList;
			buildConfigurations = (
				41A86A9B24EE6BF6003EFC0F /* Debug */,
				41A86A9C24EE6BF6003EFC0F /* Release */,
			);
			defaultConfigurationIsVisible = 0;
			defaultConfigurationName = Release;
		};
		41A86A9D24EE6BF6003EFC0F /* Build configuration list for PBXNativeTarget "chronograph" */ = {
			isa = XCConfigurationList;
			buildConfigurations = (
				41A86A9E24EE6BF6003EFC0F /* Debug */,
				41A86A9F24EE6BF6003EFC0F /* Release */,
			);
			defaultConfigurationIsVisible = 0;
			defaultConfigurationName = Release;
		};
		41A86AA024EE6BF6003EFC0F /* Build configuration list for PBXNativeTarget "chronographTests" */ = {
			isa = XCConfigurationList;
			buildConfigurations = (
				41A86AA124EE6BF6003EFC0F /* Debug */,
				41A86AA224EE6BF6003EFC0F /* Release */,
			);
			defaultConfigurationIsVisible = 0;
			defaultConfigurationName = Release;
		};
		41A86AA324EE6BF6003EFC0F /* Build configuration list for PBXNativeTarget "chronographUITests" */ = {
			isa = XCConfigurationList;
			buildConfigurations = (
				41A86AA424EE6BF6003EFC0F /* Debug */,
				41A86AA524EE6BF6003EFC0F /* Release */,
			);
			defaultConfigurationIsVisible = 0;
			defaultConfigurationName = Release;
		};
/* End XCConfigurationList section */

/* Begin XCVersionGroup section */
		4152F7392524B3E400837F10 /* Model.xcdatamodeld */ = {
			isa = XCVersionGroup;
			children = (
				4152F73A2524B3E400837F10 /* Model.xcdatamodel */,
			);
			currentVersion = 4152F73A2524B3E400837F10 /* Model.xcdatamodel */;
			path = Model.xcdatamodeld;
			sourceTree = "<group>";
			versionGroupType = wrapper.xcdatamodel;
		};
/* End XCVersionGroup section */
	};
	rootObject = 41A86A6C24EE6BF5003EFC0F /* Project object */;
}
